// !$*UTF8*$!
{
	archiveVersion = 1;
	classes = {
	};
	objectVersion = 77;
	objects = {

/* Begin PBXContainerItemProxy section */
		910A70842E1DF83100499DF3 /* PBXContainerItemProxy */ = {
			isa = PBXContainerItemProxy;
			containerPortal = 910A706E2E1DF83000499DF3 /* Project object */;
			proxyType = 1;
			remoteGlobalIDString = 910A70752E1DF83000499DF3;
			remoteInfo = AmalfiJetsTakeHome;
		};
		910A708E2E1DF83100499DF3 /* PBXContainerItemProxy */ = {
			isa = PBXContainerItemProxy;
			containerPortal = 910A706E2E1DF83000499DF3 /* Project object */;
			proxyType = 1;
			remoteGlobalIDString = 910A70752E1DF83000499DF3;
			remoteInfo = AmalfiJetsTakeHome;
		};
/* End PBXContainerItemProxy section */

/* Begin PBXFileReference section */
		910A70762E1DF83000499DF3 /* AmalfiJetsTakeHome.app */ = {isa = PBXFileReference; explicitFileType = wrapper.application; includeInIndex = 0; path = AmalfiJetsTakeHome.app; sourceTree = BUILT_PRODUCTS_DIR; };
		910A70832E1DF83100499DF3 /* AmalfiJetsTakeHomeTests.xctest */ = {isa = PBXFileReference; explicitFileType = wrapper.cfbundle; includeInIndex = 0; path = AmalfiJetsTakeHomeTests.xctest; sourceTree = BUILT_PRODUCTS_DIR; };
		910A708D2E1DF83100499DF3 /* AmalfiJetsTakeHomeUITests.xctest */ = {isa = PBXFileReference; explicitFileType = wrapper.cfbundle; includeInIndex = 0; path = AmalfiJetsTakeHomeUITests.xctest; sourceTree = BUILT_PRODUCTS_DIR; };
/* End PBXFileReference section */

/* Begin PBXFileSystemSynchronizedRootGroup section */
		910A70782E1DF83000499DF3 /* AmalfiJetsTakeHome */ = {
			isa = PBXFileSystemSynchronizedRootGroup;
			path = AmalfiJetsTakeHome;
			sourceTree = "<group>";
		};
		910A70862E1DF83100499DF3 /* AmalfiJetsTakeHomeTests */ = {
			isa = PBXFileSystemSynchronizedRootGroup;
			path = AmalfiJetsTakeHomeTests;
			sourceTree = "<group>";
		};
		910A70902E1DF83100499DF3 /* AmalfiJetsTakeHomeUITests */ = {
			isa = PBXFileSystemSynchronizedRootGroup;
			path = AmalfiJetsTakeHomeUITests;
			sourceTree = "<group>";
		};
/* End PBXFileSystemSynchronizedRootGroup section */

/* Begin PBXFrameworksBuildPhase section */
		910A70732E1DF83000499DF3 /* Frameworks */ = {
			isa = PBXFrameworksBuildPhase;
			buildActionMask = 2147483647;
			files = (
			);
			runOnlyForDeploymentPostprocessing = 0;
		};
		910A70802E1DF83100499DF3 /* Frameworks */ = {
			isa = PBXFrameworksBuildPhase;
			buildActionMask = 2147483647;
			files = (
			);
			runOnlyForDeploymentPostprocessing = 0;
		};
		910A708A2E1DF83100499DF3 /* Frameworks */ = {
			isa = PBXFrameworksBuildPhase;
			buildActionMask = 2147483647;
			files = (
			);
			runOnlyForDeploymentPostprocessing = 0;
		};
/* End PBXFrameworksBuildPhase section */

/* Begin PBXGroup section */
		910A706D2E1DF83000499DF3 = {
			isa = PBXGroup;
			children = (
				910A70782E1DF83000499DF3 /* AmalfiJetsTakeHome */,
				910A70862E1DF83100499DF3 /* AmalfiJetsTakeHomeTests */,
				910A70902E1DF83100499DF3 /* AmalfiJetsTakeHomeUITests */,
				910A70772E1DF83000499DF3 /* Products */,
			);
			sourceTree = "<group>";
		};
		910A70772E1DF83000499DF3 /* Products */ = {
			isa = PBXGroup;
			children = (
				910A70762E1DF83000499DF3 /* AmalfiJetsTakeHome.app */,
				910A70832E1DF83100499DF3 /* AmalfiJetsTakeHomeTests.xctest */,
				910A708D2E1DF83100499DF3 /* AmalfiJetsTakeHomeUITests.xctest */,
			);
			name = Products;
			sourceTree = "<group>";
		};
/* End PBXGroup section */

/* Begin PBXNativeTarget section */
		910A70752E1DF83000499DF3 /* AmalfiJetsTakeHome */ = {
			isa = PBXNativeTarget;
			buildConfigurationList = 910A70972E1DF83100499DF3 /* Build configuration list for PBXNativeTarget "AmalfiJetsTakeHome" */;
			buildPhases = (
				910A70722E1DF83000499DF3 /* Sources */,
				910A70732E1DF83000499DF3 /* Frameworks */,
				910A70742E1DF83000499DF3 /* Resources */,
			);
			buildRules = (
			);
			dependencies = (
			);
			fileSystemSynchronizedGroups = (
				910A70782E1DF83000499DF3 /* AmalfiJetsTakeHome */,
			);
			name = AmalfiJetsTakeHome;
			packageProductDependencies = (
			);
			productName = AmalfiJetsTakeHome;
			productReference = 910A70762E1DF83000499DF3 /* AmalfiJetsTakeHome.app */;
			productType = "com.apple.product-type.application";
		};
		910A70822E1DF83100499DF3 /* AmalfiJetsTakeHomeTests */ = {
			isa = PBXNativeTarget;
			buildConfigurationList = 910A709A2E1DF83100499DF3 /* Build configuration list for PBXNativeTarget "AmalfiJetsTakeHomeTests" */;
			buildPhases = (
				910A707F2E1DF83100499DF3 /* Sources */,
				910A70802E1DF83100499DF3 /* Frameworks */,
				910A70812E1DF83100499DF3 /* Resources */,
			);
			buildRules = (
			);
			dependencies = (
				910A70852E1DF83100499DF3 /* PBXTargetDependency */,
			);
			fileSystemSynchronizedGroups = (
				910A70862E1DF83100499DF3 /* AmalfiJetsTakeHomeTests */,
			);
			name = AmalfiJetsTakeHomeTests;
			packageProductDependencies = (
			);
			productName = AmalfiJetsTakeHomeTests;
			productReference = 910A70832E1DF83100499DF3 /* AmalfiJetsTakeHomeTests.xctest */;
			productType = "com.apple.product-type.bundle.unit-test";
		};
		910A708C2E1DF83100499DF3 /* AmalfiJetsTakeHomeUITests */ = {
			isa = PBXNativeTarget;
			buildConfigurationList = 910A709D2E1DF83100499DF3 /* Build configuration list for PBXNativeTarget "AmalfiJetsTakeHomeUITests" */;
			buildPhases = (
				910A70892E1DF83100499DF3 /* Sources */,
				910A708A2E1DF83100499DF3 /* Frameworks */,
				910A708B2E1DF83100499DF3 /* Resources */,
			);
			buildRules = (
			);
			dependencies = (
				910A708F2E1DF83100499DF3 /* PBXTargetDependency */,
			);
			fileSystemSynchronizedGroups = (
				910A70902E1DF83100499DF3 /* AmalfiJetsTakeHomeUITests */,
			);
			name = AmalfiJetsTakeHomeUITests;
			packageProductDependencies = (
			);
			productName = AmalfiJetsTakeHomeUITests;
			productReference = 910A708D2E1DF83100499DF3 /* AmalfiJetsTakeHomeUITests.xctest */;
			productType = "com.apple.product-type.bundle.ui-testing";
		};
/* End PBXNativeTarget section */

/* Begin PBXProject section */
		910A706E2E1DF83000499DF3 /* Project object */ = {
			isa = PBXProject;
			attributes = {
				BuildIndependentTargetsInParallel = 1;
				LastSwiftUpdateCheck = 2600;
				LastUpgradeCheck = 2600;
				TargetAttributes = {
					910A70752E1DF83000499DF3 = {
						CreatedOnToolsVersion = 26.0;
					};
					910A70822E1DF83100499DF3 = {
						CreatedOnToolsVersion = 26.0;
						TestTargetID = 910A70752E1DF83000499DF3;
					};
					910A708C2E1DF83100499DF3 = {
						CreatedOnToolsVersion = 26.0;
						TestTargetID = 910A70752E1DF83000499DF3;
					};
				};
			};
			buildConfigurationList = 910A70712E1DF83000499DF3 /* Build configuration list for PBXProject "AmalfiJetsTakeHome" */;
			developmentRegion = en;
			hasScannedForEncodings = 0;
			knownRegions = (
				en,
				Base,
			);
			mainGroup = 910A706D2E1DF83000499DF3;
			minimizedProjectReferenceProxies = 1;
			preferredProjectObjectVersion = 77;
			productRefGroup = 910A70772E1DF83000499DF3 /* Products */;
			projectDirPath = "";
			projectRoot = "";
			targets = (
				910A70752E1DF83000499DF3 /* AmalfiJetsTakeHome */,
				910A70822E1DF83100499DF3 /* AmalfiJetsTakeHomeTests */,
				910A708C2E1DF83100499DF3 /* AmalfiJetsTakeHomeUITests */,
			);
		};
/* End PBXProject section */

/* Begin PBXResourcesBuildPhase section */
		910A70742E1DF83000499DF3 /* Resources */ = {
			isa = PBXResourcesBuildPhase;
			buildActionMask = 2147483647;
			files = (
			);
			runOnlyForDeploymentPostprocessing = 0;
		};
		910A70812E1DF83100499DF3 /* Resources */ = {
			isa = PBXResourcesBuildPhase;
			buildActionMask = 2147483647;
			files = (
			);
			runOnlyForDeploymentPostprocessing = 0;
		};
		910A708B2E1DF83100499DF3 /* Resources */ = {
			isa = PBXResourcesBuildPhase;
			buildActionMask = 2147483647;
			files = (
			);
			runOnlyForDeploymentPostprocessing = 0;
		};
/* End PBXResourcesBuildPhase section */

/* Begin PBXSourcesBuildPhase section */
		910A70722E1DF83000499DF3 /* Sources */ = {
			isa = PBXSourcesBuildPhase;
			buildActionMask = 2147483647;
			files = (
			);
			runOnlyForDeploymentPostprocessing = 0;
		};
		910A707F2E1DF83100499DF3 /* Sources */ = {
			isa = PBXSourcesBuildPhase;
			buildActionMask = 2147483647;
			files = (
			);
			runOnlyForDeploymentPostprocessing = 0;
		};
		910A70892E1DF83100499DF3 /* Sources */ = {
			isa = PBXSourcesBuildPhase;
			buildActionMask = 2147483647;
			files = (
			);
			runOnlyForDeploymentPostprocessing = 0;
		};
/* End PBXSourcesBuildPhase section */

/* Begin PBXTargetDependency section */
		910A70852E1DF83100499DF3 /* PBXTargetDependency */ = {
			isa = PBXTargetDependency;
			target = 910A70752E1DF83000499DF3 /* AmalfiJetsTakeHome */;
			targetProxy = 910A70842E1DF83100499DF3 /* PBXContainerItemProxy */;
		};
		910A708F2E1DF83100499DF3 /* PBXTargetDependency */ = {
			isa = PBXTargetDependency;
			target = 910A70752E1DF83000499DF3 /* AmalfiJetsTakeHome */;
			targetProxy = 910A708E2E1DF83100499DF3 /* PBXContainerItemProxy */;
		};
/* End PBXTargetDependency section */

/* Begin XCBuildConfiguration section */
		910A70952E1DF83100499DF3 /* Debug */ = {
			isa = XCBuildConfiguration;
			buildSettings = {
				ALWAYS_SEARCH_USER_PATHS = NO;
				ASSETCATALOG_COMPILER_GENERATE_SWIFT_ASSET_SYMBOL_EXTENSIONS = YES;
				CLANG_ANALYZER_NONNULL = YES;
				CLANG_ANALYZER_NUMBER_OBJECT_CONVERSION = YES_AGGRESSIVE;
				CLANG_CXX_LANGUAGE_STANDARD = "gnu++20";
				CLANG_ENABLE_MODULES = YES;
				CLANG_ENABLE_OBJC_ARC = YES;
				CLANG_ENABLE_OBJC_WEAK = YES;
				CLANG_WARN_BLOCK_CAPTURE_AUTORELEASING = YES;
				CLANG_WARN_BOOL_CONVERSION = YES;
				CLANG_WARN_COMMA = YES;
				CLANG_WARN_CONSTANT_CONVERSION = YES;
				CLANG_WARN_DEPRECATED_OBJC_IMPLEMENTATIONS = YES;
				CLANG_WARN_DIRECT_OBJC_ISA_USAGE = YES_ERROR;
				CLANG_WARN_DOCUMENTATION_COMMENTS = YES;
				CLANG_WARN_EMPTY_BODY = YES;
				CLANG_WARN_ENUM_CONVERSION = YES;
				CLANG_WARN_INFINITE_RECURSION = YES;
				CLANG_WARN_INT_CONVERSION = YES;
				CLANG_WARN_NON_LITERAL_NULL_CONVERSION = YES;
				CLANG_WARN_OBJC_IMPLICIT_RETAIN_SELF = YES;
				CLANG_WARN_OBJC_LITERAL_CONVERSION = YES;
				CLANG_WARN_OBJC_ROOT_CLASS = YES_ERROR;
				CLANG_WARN_QUOTED_INCLUDE_IN_FRAMEWORK_HEADER = YES;
				CLANG_WARN_RANGE_LOOP_ANALYSIS = YES;
				CLANG_WARN_STRICT_PROTOTYPES = YES;
				CLANG_WARN_SUSPICIOUS_MOVE = YES;
				CLANG_WARN_UNGUARDED_AVAILABILITY = YES_AGGRESSIVE;
				CLANG_WARN_UNREACHABLE_CODE = YES;
				CLANG_WARN__DUPLICATE_METHOD_MATCH = YES;
				COPY_PHASE_STRIP = NO;
				DEBUG_INFORMATION_FORMAT = dwarf;
				DEVELOPMENT_TEAM = 6GSKP79G95;
				ENABLE_STRICT_OBJC_MSGSEND = YES;
				ENABLE_TESTABILITY = YES;
				ENABLE_USER_SCRIPT_SANDBOXING = YES;
				GCC_C_LANGUAGE_STANDARD = gnu17;
				GCC_DYNAMIC_NO_PIC = NO;
				GCC_NO_COMMON_BLOCKS = YES;
				GCC_OPTIMIZATION_LEVEL = 0;
				GCC_PREPROCESSOR_DEFINITIONS = (
					"DEBUG=1",
					"$(inherited)",
				);
				GCC_WARN_64_TO_32_BIT_CONVERSION = YES;
				GCC_WARN_ABOUT_RETURN_TYPE = YES_ERROR;
				GCC_WARN_UNDECLARED_SELECTOR = YES;
				GCC_WARN_UNINITIALIZED_AUTOS = YES_AGGRESSIVE;
				GCC_WARN_UNUSED_FUNCTION = YES;
				GCC_WARN_UNUSED_VARIABLE = YES;
				IPHONEOS_DEPLOYMENT_TARGET = 26.0;
				LOCALIZATION_PREFERS_STRING_CATALOGS = YES;
				MTL_ENABLE_DEBUG_INFO = INCLUDE_SOURCE;
				MTL_FAST_MATH = YES;
				ONLY_ACTIVE_ARCH = YES;
				SDKROOT = iphoneos;
				SWIFT_ACTIVE_COMPILATION_CONDITIONS = "DEBUG $(inherited)";
				SWIFT_OPTIMIZATION_LEVEL = "-Onone";
			};
			name = Debug;
		};
		910A70962E1DF83100499DF3 /* Release */ = {
			isa = XCBuildConfiguration;
			buildSettings = {
				ALWAYS_SEARCH_USER_PATHS = NO;
				ASSETCATALOG_COMPILER_GENERATE_SWIFT_ASSET_SYMBOL_EXTENSIONS = YES;
				CLANG_ANALYZER_NONNULL = YES;
				CLANG_ANALYZER_NUMBER_OBJECT_CONVERSION = YES_AGGRESSIVE;
				CLANG_CXX_LANGUAGE_STANDARD = "gnu++20";
				CLANG_ENABLE_MODULES = YES;
				CLANG_ENABLE_OBJC_ARC = YES;
				CLANG_ENABLE_OBJC_WEAK = YES;
				CLANG_WARN_BLOCK_CAPTURE_AUTORELEASING = YES;
				CLANG_WARN_BOOL_CONVERSION = YES;
				CLANG_WARN_COMMA = YES;
				CLANG_WARN_CONSTANT_CONVERSION = YES;
				CLANG_WARN_DEPRECATED_OBJC_IMPLEMENTATIONS = YES;
				CLANG_WARN_DIRECT_OBJC_ISA_USAGE = YES_ERROR;
				CLANG_WARN_DOCUMENTATION_COMMENTS = YES;
				CLANG_WARN_EMPTY_BODY = YES;
				CLANG_WARN_ENUM_CONVERSION = YES;
				CLANG_WARN_INFINITE_RECURSION = YES;
				CLANG_WARN_INT_CONVERSION = YES;
				CLANG_WARN_NON_LITERAL_NULL_CONVERSION = YES;
				CLANG_WARN_OBJC_IMPLICIT_RETAIN_SELF = YES;
				CLANG_WARN_OBJC_LITERAL_CONVERSION = YES;
				CLANG_WARN_OBJC_ROOT_CLASS = YES_ERROR;
				CLANG_WARN_QUOTED_INCLUDE_IN_FRAMEWORK_HEADER = YES;
				CLANG_WARN_RANGE_LOOP_ANALYSIS = YES;
				CLANG_WARN_STRICT_PROTOTYPES = YES;
				CLANG_WARN_SUSPICIOUS_MOVE = YES;
				CLANG_WARN_UNGUARDED_AVAILABILITY = YES_AGGRESSIVE;
				CLANG_WARN_UNREACHABLE_CODE = YES;
				CLANG_WARN__DUPLICATE_METHOD_MATCH = YES;
				COPY_PHASE_STRIP = NO;
				DEBUG_INFORMATION_FORMAT = "dwarf-with-dsym";
				DEVELOPMENT_TEAM = 6GSKP79G95;
				ENABLE_NS_ASSERTIONS = NO;
				ENABLE_STRICT_OBJC_MSGSEND = YES;
				ENABLE_USER_SCRIPT_SANDBOXING = YES;
				GCC_C_LANGUAGE_STANDARD = gnu17;
				GCC_NO_COMMON_BLOCKS = YES;
				GCC_WARN_64_TO_32_BIT_CONVERSION = YES;
				GCC_WARN_ABOUT_RETURN_TYPE = YES_ERROR;
				GCC_WARN_UNDECLARED_SELECTOR = YES;
				GCC_WARN_UNINITIALIZED_AUTOS = YES_AGGRESSIVE;
				GCC_WARN_UNUSED_FUNCTION = YES;
				GCC_WARN_UNUSED_VARIABLE = YES;
				IPHONEOS_DEPLOYMENT_TARGET = 26.0;
				LOCALIZATION_PREFERS_STRING_CATALOGS = YES;
				MTL_ENABLE_DEBUG_INFO = NO;
				MTL_FAST_MATH = YES;
				SDKROOT = iphoneos;
				SWIFT_COMPILATION_MODE = wholemodule;
				VALIDATE_PRODUCT = YES;
			};
			name = Release;
		};
		910A70982E1DF83100499DF3 /* Debug */ = {
			isa = XCBuildConfiguration;
			buildSettings = {
				ASSETCATALOG_COMPILER_APPICON_NAME = AppIcon;
				ASSETCATALOG_COMPILER_GLOBAL_ACCENT_COLOR_NAME = AccentColor;
				CODE_SIGN_STYLE = Automatic;
				CURRENT_PROJECT_VERSION = 1;
				DEVELOPMENT_TEAM = 6GSKP79G95;
				ENABLE_PREVIEWS = YES;
				GENERATE_INFOPLIST_FILE = YES;
				INFOPLIST_KEY_UIApplicationSceneManifest_Generation = YES;
				INFOPLIST_KEY_UIApplicationSupportsIndirectInputEvents = YES;
				INFOPLIST_KEY_UILaunchScreen_Generation = YES;
				INFOPLIST_KEY_UISupportedInterfaceOrientations_iPad = "UIInterfaceOrientationPortrait UIInterfaceOrientationPortraitUpsideDown UIInterfaceOrientationLandscapeLeft UIInterfaceOrientationLandscapeRight";
				INFOPLIST_KEY_UISupportedInterfaceOrientations_iPhone = "UIInterfaceOrientationPortrait UIInterfaceOrientationLandscapeLeft UIInterfaceOrientationLandscapeRight";
				LD_RUNPATH_SEARCH_PATHS = (
					"$(inherited)",
					"@executable_path/Frameworks",
				);
				MARKETING_VERSION = 1.0;
				PRODUCT_BUNDLE_IDENTIFIER = com.theronjones.AmalfiJetsTakeHome;
				PRODUCT_NAME = "$(TARGET_NAME)";
				STRING_CATALOG_GENERATE_SYMBOLS = YES;
				SWIFT_DEFAULT_ACTOR_ISOLATION = MainActor;
				SWIFT_EMIT_LOC_STRINGS = YES;
				SWIFT_UPCOMING_FEATURE_MEMBER_IMPORT_VISIBILITY = YES;
				SWIFT_VERSION = 5.0;
				TARGETED_DEVICE_FAMILY = "1,2";
			};
			name = Debug;
		};
		910A70992E1DF83100499DF3 /* Release */ = {
			isa = XCBuildConfiguration;
			buildSettings = {
				ASSETCATALOG_COMPILER_APPICON_NAME = AppIcon;
				ASSETCATALOG_COMPILER_GLOBAL_ACCENT_COLOR_NAME = AccentColor;
				CODE_SIGN_STYLE = Automatic;
				CURRENT_PROJECT_VERSION = 1;
				DEVELOPMENT_TEAM = 6GSKP79G95;
				ENABLE_PREVIEWS = YES;
				GENERATE_INFOPLIST_FILE = YES;
				INFOPLIST_KEY_UIApplicationSceneManifest_Generation = YES;
				INFOPLIST_KEY_UIApplicationSupportsIndirectInputEvents = YES;
				INFOPLIST_KEY_UILaunchScreen_Generation = YES;
				INFOPLIST_KEY_UISupportedInterfaceOrientations_iPad = "UIInterfaceOrientationPortrait UIInterfaceOrientationPortraitUpsideDown UIInterfaceOrientationLandscapeLeft UIInterfaceOrientationLandscapeRight";
				INFOPLIST_KEY_UISupportedInterfaceOrientations_iPhone = "UIInterfaceOrientationPortrait UIInterfaceOrientationLandscapeLeft UIInterfaceOrientationLandscapeRight";
				LD_RUNPATH_SEARCH_PATHS = (
					"$(inherited)",
					"@executable_path/Frameworks",
				);
				MARKETING_VERSION = 1.0;
				PRODUCT_BUNDLE_IDENTIFIER = com.theronjones.AmalfiJetsTakeHome;
				PRODUCT_NAME = "$(TARGET_NAME)";
				STRING_CATALOG_GENERATE_SYMBOLS = YES;
				SWIFT_DEFAULT_ACTOR_ISOLATION = MainActor;
				SWIFT_EMIT_LOC_STRINGS = YES;
				SWIFT_UPCOMING_FEATURE_MEMBER_IMPORT_VISIBILITY = YES;
				SWIFT_VERSION = 5.0;
				TARGETED_DEVICE_FAMILY = "1,2";
			};
			name = Release;
		};
		910A709B2E1DF83100499DF3 /* Debug */ = {
			isa = XCBuildConfiguration;
			buildSettings = {
				BUNDLE_LOADER = "$(TEST_HOST)";
				CODE_SIGN_STYLE = Automatic;
				CURRENT_PROJECT_VERSION = 1;
				DEVELOPMENT_TEAM = 6GSKP79G95;
				GENERATE_INFOPLIST_FILE = YES;
				IPHONEOS_DEPLOYMENT_TARGET = 26.0;
				MARKETING_VERSION = 1.0;
				PRODUCT_BUNDLE_IDENTIFIER = com.theronjones.AmalfiJetsTakeHomeTests;
				PRODUCT_NAME = "$(TARGET_NAME)";
				STRING_CATALOG_GENERATE_SYMBOLS = NO;
				SWIFT_EMIT_LOC_STRINGS = NO;
				SWIFT_UPCOMING_FEATURE_MEMBER_IMPORT_VISIBILITY = YES;
				SWIFT_VERSION = 5.0;
				TARGETED_DEVICE_FAMILY = "1,2";
				TEST_HOST = "$(BUILT_PRODUCTS_DIR)/AmalfiJetsTakeHome.app/$(BUNDLE_EXECUTABLE_FOLDER_PATH)/AmalfiJetsTakeHome";
			};
			name = Debug;
		};
		910A709C2E1DF83100499DF3 /* Release */ = {
			isa = XCBuildConfiguration;
			buildSettings = {
				BUNDLE_LOADER = "$(TEST_HOST)";
				CODE_SIGN_STYLE = Automatic;
				CURRENT_PROJECT_VERSION = 1;
				DEVELOPMENT_TEAM = 6GSKP79G95;
				GENERATE_INFOPLIST_FILE = YES;
				IPHONEOS_DEPLOYMENT_TARGET = 26.0;
				MARKETING_VERSION = 1.0;
				PRODUCT_BUNDLE_IDENTIFIER = com.theronjones.AmalfiJetsTakeHomeTests;
				PRODUCT_NAME = "$(TARGET_NAME)";
				STRING_CATALOG_GENERATE_SYMBOLS = NO;
				SWIFT_EMIT_LOC_STRINGS = NO;
				SWIFT_UPCOMING_FEATURE_MEMBER_IMPORT_VISIBILITY = YES;
				SWIFT_VERSION = 5.0;
				TARGETED_DEVICE_FAMILY = "1,2";
				TEST_HOST = "$(BUILT_PRODUCTS_DIR)/AmalfiJetsTakeHome.app/$(BUNDLE_EXECUTABLE_FOLDER_PATH)/AmalfiJetsTakeHome";
			};
			name = Release;
		};
		910A709E2E1DF83100499DF3 /* Debug */ = {
			isa = XCBuildConfiguration;
			buildSettings = {
				CODE_SIGN_STYLE = Automatic;
				CURRENT_PROJECT_VERSION = 1;
				DEVELOPMENT_TEAM = 6GSKP79G95;
				GENERATE_INFOPLIST_FILE = YES;
				MARKETING_VERSION = 1.0;
				PRODUCT_BUNDLE_IDENTIFIER = com.theronjones.AmalfiJetsTakeHomeUITests;
				PRODUCT_NAME = "$(TARGET_NAME)";
				STRING_CATALOG_GENERATE_SYMBOLS = NO;
				SWIFT_EMIT_LOC_STRINGS = NO;
				SWIFT_UPCOMING_FEATURE_MEMBER_IMPORT_VISIBILITY = YES;
				SWIFT_VERSION = 5.0;
				TARGETED_DEVICE_FAMILY = "1,2";
				TEST_TARGET_NAME = AmalfiJetsTakeHome;
			};
			name = Debug;
		};
		910A709F2E1DF83100499DF3 /* Release */ = {
			isa = XCBuildConfiguration;
			buildSettings = {
				CODE_SIGN_STYLE = Automatic;
				CURRENT_PROJECT_VERSION = 1;
				DEVELOPMENT_TEAM = 6GSKP79G95;
				GENERATE_INFOPLIST_FILE = YES;
				MARKETING_VERSION = 1.0;
				PRODUCT_BUNDLE_IDENTIFIER = com.theronjones.AmalfiJetsTakeHomeUITests;
				PRODUCT_NAME = "$(TARGET_NAME)";
				STRING_CATALOG_GENERATE_SYMBOLS = NO;
				SWIFT_EMIT_LOC_STRINGS = NO;
				SWIFT_UPCOMING_FEATURE_MEMBER_IMPORT_VISIBILITY = YES;
				SWIFT_VERSION = 5.0;
				TARGETED_DEVICE_FAMILY = "1,2";
				TEST_TARGET_NAME = AmalfiJetsTakeHome;
			};
			name = Release;
		};
/* End XCBuildConfiguration section */

/* Begin XCConfigurationList section */
		910A70712E1DF83000499DF3 /* Build configuration list for PBXProject "AmalfiJetsTakeHome" */ = {
			isa = XCConfigurationList;
			buildConfigurations = (
				910A70952E1DF83100499DF3 /* Debug */,
				910A70962E1DF83100499DF3 /* Release */,
			);
			defaultConfigurationIsVisible = 0;
			defaultConfigurationName = Release;
		};
		910A70972E1DF83100499DF3 /* Build configuration list for PBXNativeTarget "AmalfiJetsTakeHome" */ = {
			isa = XCConfigurationList;
			buildConfigurations = (
				910A70982E1DF83100499DF3 /* Debug */,
				910A70992E1DF83100499DF3 /* Release */,
			);
			defaultConfigurationIsVisible = 0;
			defaultConfigurationName = Release;
		};
		910A709A2E1DF83100499DF3 /* Build configuration list for PBXNativeTarget "AmalfiJetsTakeHomeTests" */ = {
			isa = XCConfigurationList;
			buildConfigurations = (
				910A709B2E1DF83100499DF3 /* Debug */,
				910A709C2E1DF83100499DF3 /* Release */,
			);
			defaultConfigurationIsVisible = 0;
			defaultConfigurationName = Release;
		};
		910A709D2E1DF83100499DF3 /* Build configuration list for PBXNativeTarget "AmalfiJetsTakeHomeUITests" */ = {
			isa = XCConfigurationList;
			buildConfigurations = (
				910A709E2E1DF83100499DF3 /* Debug */,
				910A709F2E1DF83100499DF3 /* Release */,
			);
			defaultConfigurationIsVisible = 0;
			defaultConfigurationName = Release;
		};
/* End XCConfigurationList section */
	};
	rootObject = 910A706E2E1DF83000499DF3 /* Project object */;
}
